
Microsoft Visual Studio Solution File, Format Version 12.00
# Visual Studio 15
VisualStudioVersion = 15.0.28307.757
MinimumVisualStudioVersion = 10.0.40219.1
Project("{FAE04EC0-301F-11D3-BF4B-00C04F79EFBC}") = "BachHoaOnline", "BachHoaOnline\BachHoaOnline.csproj", "{922446C1-CA60-4DD8-A3D7-9929685BCFA4}"
EndProject
Global
	GlobalSection(SolutionConfigurationPlatforms) = preSolution
		Debug|Any CPU = Debug|Any CPU
		Release|Any CPU = Release|Any CPU
	EndGlobalSection
	GlobalSection(ProjectConfigurationPlatforms) = postSolution
		{922446C1-CA60-4DD8-A3D7-9929685BCFA4}.Debug|Any CPU.ActiveCfg = Debug|Any CPU
		{922446C1-CA60-4DD8-A3D7-9929685BCFA4}.Debug|Any CPU.Build.0 = Debug|Any CPU
		{922446C1-CA60-4DD8-A3D7-9929685BCFA4}.Release|Any CPU.ActiveCfg = Release|Any CPU
		{922446C1-CA60-4DD8-A3D7-9929685BCFA4}.Release|Any CPU.Build.0 = Release|Any CPU
	EndGlobalSection
	GlobalSection(SolutionProperties) = preSolution
		HideSolutionNode = FALSE
	EndGlobalSection
	GlobalSection(ExtensibilityGlobals) = postSolution
		SolutionGuid = {02D16621-9D98-4DA3-9D41-E7846F4E4D9E}
	EndGlobalSection
EndGlobal
